
Microsoft Visual Studio Solution File, Format Version 12.00
# Visual Studio Version 16
VisualStudioVersion = 16.0.30128.74
MinimumVisualStudioVersion = 10.0.40219.1
Project("{FAE04EC0-301F-11D3-BF4B-00C04F79EFBC}") = "CSharpGitDemoProject", "CSharpGitDemoProject.csproj", "{F1F716C5-0CE0-4521-BB6B-D2D7CD1E612E}"
EndProject
Global
	GlobalSection(SolutionConfigurationPlatforms) = preSolution
		Debug|Any CPU = Debug|Any CPU
		Release|Any CPU = Release|Any CPU
	EndGlobalSection
	GlobalSection(ProjectConfigurationPlatforms) = postSolution
		{F1F716C5-0CE0-4521-BB6B-D2D7CD1E612E}.Debug|Any CPU.ActiveCfg = Debug|Any CPU
		{F1F716C5-0CE0-4521-BB6B-D2D7CD1E612E}.Debug|Any CPU.Build.0 = Debug|Any CPU
		{F1F716C5-0CE0-4521-BB6B-D2D7CD1E612E}.Release|Any CPU.ActiveCfg = Release|Any CPU
		{F1F716C5-0CE0-4521-BB6B-D2D7CD1E612E}.Release|Any CPU.Build.0 = Release|Any CPU
	EndGlobalSection
	GlobalSection(SolutionProperties) = preSolution
		HideSolutionNode = FALSE
	EndGlobalSection
	GlobalSection(ExtensibilityGlobals) = postSolution
		SolutionGuid = {B42E3370-F24C-4EEF-A283-55DF1E604AF9}
	EndGlobalSection
EndGlobal
